// !$*UTF8*$!
{
	archiveVersion = 1;
	classes = {
	};
	objectVersion = 50;
	objects = {

/* Begin PBXBuildFile section */
		834C17852216700B002E0D99 /* AppDelegate.swift in Sources */ = {isa = PBXBuildFile; fileRef = 834C17842216700B002E0D99 /* AppDelegate.swift */; };
		834C178A2216700B002E0D99 /* Main.storyboard in Resources */ = {isa = PBXBuildFile; fileRef = 834C17882216700B002E0D99 /* Main.storyboard */; };
		834C178C2216700C002E0D99 /* Assets.xcassets in Resources */ = {isa = PBXBuildFile; fileRef = 834C178B2216700C002E0D99 /* Assets.xcassets */; };
		834C178F2216700C002E0D99 /* LaunchScreen.storyboard in Resources */ = {isa = PBXBuildFile; fileRef = 834C178D2216700C002E0D99 /* LaunchScreen.storyboard */; };
		834C179A2216700C002E0D99 /* ParstagramTests.swift in Sources */ = {isa = PBXBuildFile; fileRef = 834C17992216700C002E0D99 /* ParstagramTests.swift */; };
		834C17A52216700C002E0D99 /* ParstagramUITests.swift in Sources */ = {isa = PBXBuildFile; fileRef = 834C17A42216700C002E0D99 /* ParstagramUITests.swift */; };
		834C17B62216704D002E0D99 /* FeedViewController.swift in Sources */ = {isa = PBXBuildFile; fileRef = 834C17B52216704D002E0D99 /* FeedViewController.swift */; };
		834C17B8221671FA002E0D99 /* LoginViewController.swift in Sources */ = {isa = PBXBuildFile; fileRef = 834C17B7221671FA002E0D99 /* LoginViewController.swift */; };
		834C17BA22167726002E0D99 /* CameraViewController.swift in Sources */ = {isa = PBXBuildFile; fileRef = 834C17B922167726002E0D99 /* CameraViewController.swift */; };
		83B0C2E3221692BC007A28B0 /* PostCell.swift in Sources */ = {isa = PBXBuildFile; fileRef = 83B0C2E2221692BC007A28B0 /* PostCell.swift */; };
		83B0C2E52221E9BD007A28B0 /* CommentCell.swift in Sources */ = {isa = PBXBuildFile; fileRef = 83B0C2E42221E9BD007A28B0 /* CommentCell.swift */; };
		ADB0558ABF862553F91B8733 /* Pods_Parstagram.framework in Frameworks */ = {isa = PBXBuildFile; fileRef = C95BB1300DED279C1AFEA6A1 /* Pods_Parstagram.framework */; };
		CA89BFA9C19D0544077AEAEC /* Pods_ParstagramTests.framework in Frameworks */ = {isa = PBXBuildFile; fileRef = 856F2FAA6DCD7EB53A8E24BC /* Pods_ParstagramTests.framework */; };
		D86063A339D7A5546CA48745 /* Pods_ParstagramUITests.framework in Frameworks */ = {isa = PBXBuildFile; fileRef = 97BF48FA1CB57A23530D2C6A /* Pods_ParstagramUITests.framework */; };
/* End PBXBuildFile section */

/* Begin PBXContainerItemProxy section */
		834C17962216700C002E0D99 /* PBXContainerItemProxy */ = {
			isa = PBXContainerItemProxy;
			containerPortal = 834C17792216700B002E0D99 /* Project object */;
			proxyType = 1;
			remoteGlobalIDString = 834C17802216700B002E0D99;
			remoteInfo = Parstagram;
		};
		834C17A12216700C002E0D99 /* PBXContainerItemProxy */ = {
			isa = PBXContainerItemProxy;
			containerPortal = 834C17792216700B002E0D99 /* Project object */;
			proxyType = 1;
			remoteGlobalIDString = 834C17802216700B002E0D99;
			remoteInfo = Parstagram;
		};
/* End PBXContainerItemProxy section */

/* Begin PBXFileReference section */
		2FF649959921180EFA419682 /* Pods-Parstagram.debug.xcconfig */ = {isa = PBXFileReference; includeInIndex = 1; lastKnownFileType = text.xcconfig; name = "Pods-Parstagram.debug.xcconfig"; path = "Pods/Target Support Files/Pods-Parstagram/Pods-Parstagram.debug.xcconfig"; sourceTree = "<group>"; };
		495A93C5D5818080B70C7D1C /* Pods-ParstagramTests.release.xcconfig */ = {isa = PBXFileReference; includeInIndex = 1; lastKnownFileType = text.xcconfig; name = "Pods-ParstagramTests.release.xcconfig"; path = "Pods/Target Support Files/Pods-ParstagramTests/Pods-ParstagramTests.release.xcconfig"; sourceTree = "<group>"; };
		7C6339467CCB53816392139E /* Pods-ParstagramUITests.release.xcconfig */ = {isa = PBXFileReference; includeInIndex = 1; lastKnownFileType = text.xcconfig; name = "Pods-ParstagramUITests.release.xcconfig"; path = "Pods/Target Support Files/Pods-ParstagramUITests/Pods-ParstagramUITests.release.xcconfig"; sourceTree = "<group>"; };
		834C17812216700B002E0D99 /* Parstagram.app */ = {isa = PBXFileReference; explicitFileType = wrapper.application; includeInIndex = 0; path = Parstagram.app; sourceTree = BUILT_PRODUCTS_DIR; };
		834C17842216700B002E0D99 /* AppDelegate.swift */ = {isa = PBXFileReference; lastKnownFileType = sourcecode.swift; path = AppDelegate.swift; sourceTree = "<group>"; };
		834C17892216700B002E0D99 /* Base */ = {isa = PBXFileReference; lastKnownFileType = file.storyboard; name = Base; path = Base.lproj/Main.storyboard; sourceTree = "<group>"; };
		834C178B2216700C002E0D99 /* Assets.xcassets */ = {isa = PBXFileReference; lastKnownFileType = folder.assetcatalog; path = Assets.xcassets; sourceTree = "<group>"; };
		834C178E2216700C002E0D99 /* Base */ = {isa = PBXFileReference; lastKnownFileType = file.storyboard; name = Base; path = Base.lproj/LaunchScreen.storyboard; sourceTree = "<group>"; };
		834C17902216700C002E0D99 /* Info.plist */ = {isa = PBXFileReference; lastKnownFileType = text.plist.xml; path = Info.plist; sourceTree = "<group>"; };
		834C17952216700C002E0D99 /* ParstagramTests.xctest */ = {isa = PBXFileReference; explicitFileType = wrapper.cfbundle; includeInIndex = 0; path = ParstagramTests.xctest; sourceTree = BUILT_PRODUCTS_DIR; };
		834C17992216700C002E0D99 /* ParstagramTests.swift */ = {isa = PBXFileReference; lastKnownFileType = sourcecode.swift; path = ParstagramTests.swift; sourceTree = "<group>"; };
		834C179B2216700C002E0D99 /* Info.plist */ = {isa = PBXFileReference; lastKnownFileType = text.plist.xml; path = Info.plist; sourceTree = "<group>"; };
		834C17A02216700C002E0D99 /* ParstagramUITests.xctest */ = {isa = PBXFileReference; explicitFileType = wrapper.cfbundle; includeInIndex = 0; path = ParstagramUITests.xctest; sourceTree = BUILT_PRODUCTS_DIR; };
		834C17A42216700C002E0D99 /* ParstagramUITests.swift */ = {isa = PBXFileReference; lastKnownFileType = sourcecode.swift; path = ParstagramUITests.swift; sourceTree = "<group>"; };
		834C17A62216700C002E0D99 /* Info.plist */ = {isa = PBXFileReference; lastKnownFileType = text.plist.xml; path = Info.plist; sourceTree = "<group>"; };
		834C17B52216704D002E0D99 /* FeedViewController.swift */ = {isa = PBXFileReference; lastKnownFileType = sourcecode.swift; path = FeedViewController.swift; sourceTree = "<group>"; };
		834C17B7221671FA002E0D99 /* LoginViewController.swift */ = {isa = PBXFileReference; lastKnownFileType = sourcecode.swift; path = LoginViewController.swift; sourceTree = "<group>"; };
		834C17B922167726002E0D99 /* CameraViewController.swift */ = {isa = PBXFileReference; lastKnownFileType = sourcecode.swift; path = CameraViewController.swift; sourceTree = "<group>"; };
		83B0C2E2221692BC007A28B0 /* PostCell.swift */ = {isa = PBXFileReference; lastKnownFileType = sourcecode.swift; path = PostCell.swift; sourceTree = "<group>"; };
		83B0C2E42221E9BD007A28B0 /* CommentCell.swift */ = {isa = PBXFileReference; lastKnownFileType = sourcecode.swift; path = CommentCell.swift; sourceTree = "<group>"; };
		856F2FAA6DCD7EB53A8E24BC /* Pods_ParstagramTests.framework */ = {isa = PBXFileReference; explicitFileType = wrapper.framework; includeInIndex = 0; path = Pods_ParstagramTests.framework; sourceTree = BUILT_PRODUCTS_DIR; };
		97BF48FA1CB57A23530D2C6A /* Pods_ParstagramUITests.framework */ = {isa = PBXFileReference; explicitFileType = wrapper.framework; includeInIndex = 0; path = Pods_ParstagramUITests.framework; sourceTree = BUILT_PRODUCTS_DIR; };
		A418AB951A2CB427B33B18A3 /* Pods-Parstagram.release.xcconfig */ = {isa = PBXFileReference; includeInIndex = 1; lastKnownFileType = text.xcconfig; name = "Pods-Parstagram.release.xcconfig"; path = "Pods/Target Support Files/Pods-Parstagram/Pods-Parstagram.release.xcconfig"; sourceTree = "<group>"; };
		B5519FB07A48E55F74402A67 /* Pods-ParstagramUITests.debug.xcconfig */ = {isa = PBXFileReference; includeInIndex = 1; lastKnownFileType = text.xcconfig; name = "Pods-ParstagramUITests.debug.xcconfig"; path = "Pods/Target Support Files/Pods-ParstagramUITests/Pods-ParstagramUITests.debug.xcconfig"; sourceTree = "<group>"; };
		B69B5299275362ADDE7AF2E3 /* Pods-ParstagramTests.debug.xcconfig */ = {isa = PBXFileReference; includeInIndex = 1; lastKnownFileType = text.xcconfig; name = "Pods-ParstagramTests.debug.xcconfig"; path = "Pods/Target Support Files/Pods-ParstagramTests/Pods-ParstagramTests.debug.xcconfig"; sourceTree = "<group>"; };
		C95BB1300DED279C1AFEA6A1 /* Pods_Parstagram.framework */ = {isa = PBXFileReference; explicitFileType = wrapper.framework; includeInIndex = 0; path = Pods_Parstagram.framework; sourceTree = BUILT_PRODUCTS_DIR; };
/* End PBXFileReference section */

/* Begin PBXFrameworksBuildPhase section */
		834C177E2216700B002E0D99 /* Frameworks */ = {
			isa = PBXFrameworksBuildPhase;
			buildActionMask = 2147483647;
			files = (
				ADB0558ABF862553F91B8733 /* Pods_Parstagram.framework in Frameworks */,
			);
			runOnlyForDeploymentPostprocessing = 0;
		};
		834C17922216700C002E0D99 /* Frameworks */ = {
			isa = PBXFrameworksBuildPhase;
			buildActionMask = 2147483647;
			files = (
				CA89BFA9C19D0544077AEAEC /* Pods_ParstagramTests.framework in Frameworks */,
			);
			runOnlyForDeploymentPostprocessing = 0;
		};
		834C179D2216700C002E0D99 /* Frameworks */ = {
			isa = PBXFrameworksBuildPhase;
			buildActionMask = 2147483647;
			files = (
				D86063A339D7A5546CA48745 /* Pods_ParstagramUITests.framework in Frameworks */,
			);
			runOnlyForDeploymentPostprocessing = 0;
		};
/* End PBXFrameworksBuildPhase section */

/* Begin PBXGroup section */
		49D8A20CF9F43F3922B50D40 /* Frameworks */ = {
			isa = PBXGroup;
			children = (
				C95BB1300DED279C1AFEA6A1 /* Pods_Parstagram.framework */,
				856F2FAA6DCD7EB53A8E24BC /* Pods_ParstagramTests.framework */,
				97BF48FA1CB57A23530D2C6A /* Pods_ParstagramUITests.framework */,
			);
			name = Frameworks;
			sourceTree = "<group>";
		};
		6F9681E55440DC630BEBCB4A /* Pods */ = {
			isa = PBXGroup;
			children = (
				2FF649959921180EFA419682 /* Pods-Parstagram.debug.xcconfig */,
				A418AB951A2CB427B33B18A3 /* Pods-Parstagram.release.xcconfig */,
				B69B5299275362ADDE7AF2E3 /* Pods-ParstagramTests.debug.xcconfig */,
				495A93C5D5818080B70C7D1C /* Pods-ParstagramTests.release.xcconfig */,
				B5519FB07A48E55F74402A67 /* Pods-ParstagramUITests.debug.xcconfig */,
				7C6339467CCB53816392139E /* Pods-ParstagramUITests.release.xcconfig */,
			);
			name = Pods;
			sourceTree = "<group>";
		};
		834C17782216700B002E0D99 = {
			isa = PBXGroup;
			children = (
				834C17832216700B002E0D99 /* Parstagram */,
				834C17982216700C002E0D99 /* ParstagramTests */,
				834C17A32216700C002E0D99 /* ParstagramUITests */,
				834C17822216700B002E0D99 /* Products */,
				6F9681E55440DC630BEBCB4A /* Pods */,
				49D8A20CF9F43F3922B50D40 /* Frameworks */,
			);
			sourceTree = "<group>";
		};
		834C17822216700B002E0D99 /* Products */ = {
			isa = PBXGroup;
			children = (
				834C17812216700B002E0D99 /* Parstagram.app */,
				834C17952216700C002E0D99 /* ParstagramTests.xctest */,
				834C17A02216700C002E0D99 /* ParstagramUITests.xctest */,
			);
			name = Products;
			sourceTree = "<group>";
		};
		834C17832216700B002E0D99 /* Parstagram */ = {
			isa = PBXGroup;
			children = (
				834C17842216700B002E0D99 /* AppDelegate.swift */,
				83B0C2E2221692BC007A28B0 /* PostCell.swift */,
				834C17B7221671FA002E0D99 /* LoginViewController.swift */,
				834C17B52216704D002E0D99 /* FeedViewController.swift */,
				834C17B922167726002E0D99 /* CameraViewController.swift */,
				83B0C2E42221E9BD007A28B0 /* CommentCell.swift */,
				834C17882216700B002E0D99 /* Main.storyboard */,
				834C178B2216700C002E0D99 /* Assets.xcassets */,
				834C178D2216700C002E0D99 /* LaunchScreen.storyboard */,
				834C17902216700C002E0D99 /* Info.plist */,
			);
			path = Parstagram;
			sourceTree = "<group>";
		};
		834C17982216700C002E0D99 /* ParstagramTests */ = {
			isa = PBXGroup;
			children = (
				834C17992216700C002E0D99 /* ParstagramTests.swift */,
				834C179B2216700C002E0D99 /* Info.plist */,
			);
			path = ParstagramTests;
			sourceTree = "<group>";
		};
		834C17A32216700C002E0D99 /* ParstagramUITests */ = {
			isa = PBXGroup;
			children = (
				834C17A42216700C002E0D99 /* ParstagramUITests.swift */,
				834C17A62216700C002E0D99 /* Info.plist */,
			);
			path = ParstagramUITests;
			sourceTree = "<group>";
		};
/* End PBXGroup section */

/* Begin PBXNativeTarget section */
		834C17802216700B002E0D99 /* Parstagram */ = {
			isa = PBXNativeTarget;
			buildConfigurationList = 834C17A92216700C002E0D99 /* Build configuration list for PBXNativeTarget "Parstagram" */;
			buildPhases = (
				87362075421171A715D693A3 /* [CP] Check Pods Manifest.lock */,
				834C177D2216700B002E0D99 /* Sources */,
				834C177E2216700B002E0D99 /* Frameworks */,
				834C177F2216700B002E0D99 /* Resources */,
				CA782FA666976BF5D17C1671 /* [CP] Embed Pods Frameworks */,
			);
			buildRules = (
			);
			dependencies = (
			);
			name = Parstagram;
			productName = Parstagram;
			productReference = 834C17812216700B002E0D99 /* Parstagram.app */;
			productType = "com.apple.product-type.application";
		};
		834C17942216700C002E0D99 /* ParstagramTests */ = {
			isa = PBXNativeTarget;
			buildConfigurationList = 834C17AC2216700C002E0D99 /* Build configuration list for PBXNativeTarget "ParstagramTests" */;
			buildPhases = (
				41580DF1190C0698D2F53200 /* [CP] Check Pods Manifest.lock */,
				834C17912216700C002E0D99 /* Sources */,
				834C17922216700C002E0D99 /* Frameworks */,
				834C17932216700C002E0D99 /* Resources */,
			);
			buildRules = (
			);
			dependencies = (
				834C17972216700C002E0D99 /* PBXTargetDependency */,
			);
			name = ParstagramTests;
			productName = ParstagramTests;
			productReference = 834C17952216700C002E0D99 /* ParstagramTests.xctest */;
			productType = "com.apple.product-type.bundle.unit-test";
		};
		834C179F2216700C002E0D99 /* ParstagramUITests */ = {
			isa = PBXNativeTarget;
			buildConfigurationList = 834C17AF2216700C002E0D99 /* Build configuration list for PBXNativeTarget "ParstagramUITests" */;
			buildPhases = (
				F4315DE2BB0BC2B7F46DC2D7 /* [CP] Check Pods Manifest.lock */,
				834C179C2216700C002E0D99 /* Sources */,
				834C179D2216700C002E0D99 /* Frameworks */,
				834C179E2216700C002E0D99 /* Resources */,
			);
			buildRules = (
			);
			dependencies = (
				834C17A22216700C002E0D99 /* PBXTargetDependency */,
			);
			name = ParstagramUITests;
			productName = ParstagramUITests;
			productReference = 834C17A02216700C002E0D99 /* ParstagramUITests.xctest */;
			productType = "com.apple.product-type.bundle.ui-testing";
		};
/* End PBXNativeTarget section */

/* Begin PBXProject section */
		834C17792216700B002E0D99 /* Project object */ = {
			isa = PBXProject;
			attributes = {
				LastSwiftUpdateCheck = 1010;
				LastUpgradeCheck = 1010;
				ORGANIZATIONNAME = com;
				TargetAttributes = {
					834C17802216700B002E0D99 = {
						CreatedOnToolsVersion = 10.1;
					};
					834C17942216700C002E0D99 = {
						CreatedOnToolsVersion = 10.1;
						TestTargetID = 834C17802216700B002E0D99;
					};
					834C179F2216700C002E0D99 = {
						CreatedOnToolsVersion = 10.1;
						TestTargetID = 834C17802216700B002E0D99;
					};
				};
			};
			buildConfigurationList = 834C177C2216700B002E0D99 /* Build configuration list for PBXProject "Parstagram" */;
			compatibilityVersion = "Xcode 9.3";
			developmentRegion = en;
			hasScannedForEncodings = 0;
			knownRegions = (
				en,
				Base,
			);
			mainGroup = 834C17782216700B002E0D99;
			productRefGroup = 834C17822216700B002E0D99 /* Products */;
			projectDirPath = "";
			projectRoot = "";
			targets = (
				834C17802216700B002E0D99 /* Parstagram */,
				834C17942216700C002E0D99 /* ParstagramTests */,
				834C179F2216700C002E0D99 /* ParstagramUITests */,
			);
		};
/* End PBXProject section */

/* Begin PBXResourcesBuildPhase section */
		834C177F2216700B002E0D99 /* Resources */ = {
			isa = PBXResourcesBuildPhase;
			buildActionMask = 2147483647;
			files = (
				834C178F2216700C002E0D99 /* LaunchScreen.storyboard in Resources */,
				834C178C2216700C002E0D99 /* Assets.xcassets in Resources */,
				834C178A2216700B002E0D99 /* Main.storyboard in Resources */,
			);
			runOnlyForDeploymentPostprocessing = 0;
		};
		834C17932216700C002E0D99 /* Resources */ = {
			isa = PBXResourcesBuildPhase;
			buildActionMask = 2147483647;
			files = (
			);
			runOnlyForDeploymentPostprocessing = 0;
		};
		834C179E2216700C002E0D99 /* Resources */ = {
			isa = PBXResourcesBuildPhase;
			buildActionMask = 2147483647;
			files = (
			);
			runOnlyForDeploymentPostprocessing = 0;
		};
/* End PBXResourcesBuildPhase section */

/* Begin PBXShellScriptBuildPhase section */
		41580DF1190C0698D2F53200 /* [CP] Check Pods Manifest.lock */ = {
			isa = PBXShellScriptBuildPhase;
			buildActionMask = 2147483647;
			files = (
			);
			inputFileListPaths = (
			);
			inputPaths = (
				"${PODS_PODFILE_DIR_PATH}/Podfile.lock",
				"${PODS_ROOT}/Manifest.lock",
			);
			name = "[CP] Check Pods Manifest.lock";
			outputFileListPaths = (
			);
			outputPaths = (
				"$(DERIVED_FILE_DIR)/Pods-ParstagramTests-checkManifestLockResult.txt",
			);
			runOnlyForDeploymentPostprocessing = 0;
			shellPath = /bin/sh;
			shellScript = "diff \"${PODS_PODFILE_DIR_PATH}/Podfile.lock\" \"${PODS_ROOT}/Manifest.lock\" > /dev/null\nif [ $? != 0 ] ; then\n    # print error to STDERR\n    echo \"error: The sandbox is not in sync with the Podfile.lock. Run 'pod install' or update your CocoaPods installation.\" >&2\n    exit 1\nfi\n# This output is used by Xcode 'outputs' to avoid re-running this script phase.\necho \"SUCCESS\" > \"${SCRIPT_OUTPUT_FILE_0}\"\n";
			showEnvVarsInLog = 0;
		};
		87362075421171A715D693A3 /* [CP] Check Pods Manifest.lock */ = {
			isa = PBXShellScriptBuildPhase;
			buildActionMask = 2147483647;
			files = (
			);
			inputFileListPaths = (
			);
			inputPaths = (
				"${PODS_PODFILE_DIR_PATH}/Podfile.lock",
				"${PODS_ROOT}/Manifest.lock",
			);
			name = "[CP] Check Pods Manifest.lock";
			outputFileListPaths = (
			);
			outputPaths = (
				"$(DERIVED_FILE_DIR)/Pods-Parstagram-checkManifestLockResult.txt",
			);
			runOnlyForDeploymentPostprocessing = 0;
			shellPath = /bin/sh;
			shellScript = "diff \"${PODS_PODFILE_DIR_PATH}/Podfile.lock\" \"${PODS_ROOT}/Manifest.lock\" > /dev/null\nif [ $? != 0 ] ; then\n    # print error to STDERR\n    echo \"error: The sandbox is not in sync with the Podfile.lock. Run 'pod install' or update your CocoaPods installation.\" >&2\n    exit 1\nfi\n# This output is used by Xcode 'outputs' to avoid re-running this script phase.\necho \"SUCCESS\" > \"${SCRIPT_OUTPUT_FILE_0}\"\n";
			showEnvVarsInLog = 0;
		};
		CA782FA666976BF5D17C1671 /* [CP] Embed Pods Frameworks */ = {
			isa = PBXShellScriptBuildPhase;
			buildActionMask = 2147483647;
			files = (
			);
			inputFileListPaths = (
			);
			inputPaths = (
				"${SRCROOT}/Pods/Target Support Files/Pods-Parstagram/Pods-Parstagram-frameworks.sh",
				"${BUILT_PRODUCTS_DIR}/Alamofire/Alamofire.framework",
				"${BUILT_PRODUCTS_DIR}/AlamofireImage/AlamofireImage.framework",
				"${BUILT_PRODUCTS_DIR}/Bolts/Bolts.framework",
				"${BUILT_PRODUCTS_DIR}/MessageInputBar/MessageInputBar.framework",
				"${BUILT_PRODUCTS_DIR}/Parse/Parse.framework",
			);
			name = "[CP] Embed Pods Frameworks";
			outputFileListPaths = (
			);
			outputPaths = (
				"${TARGET_BUILD_DIR}/${FRAMEWORKS_FOLDER_PATH}/Alamofire.framework",
				"${TARGET_BUILD_DIR}/${FRAMEWORKS_FOLDER_PATH}/AlamofireImage.framework",
				"${TARGET_BUILD_DIR}/${FRAMEWORKS_FOLDER_PATH}/Bolts.framework",
				"${TARGET_BUILD_DIR}/${FRAMEWORKS_FOLDER_PATH}/MessageInputBar.framework",
				"${TARGET_BUILD_DIR}/${FRAMEWORKS_FOLDER_PATH}/Parse.framework",
			);
			runOnlyForDeploymentPostprocessing = 0;
			shellPath = /bin/sh;
			shellScript = "\"${SRCROOT}/Pods/Target Support Files/Pods-Parstagram/Pods-Parstagram-frameworks.sh\"\n";
			showEnvVarsInLog = 0;
		};
		F4315DE2BB0BC2B7F46DC2D7 /* [CP] Check Pods Manifest.lock */ = {
			isa = PBXShellScriptBuildPhase;
			buildActionMask = 2147483647;
			files = (
			);
			inputFileListPaths = (
			);
			inputPaths = (
				"${PODS_PODFILE_DIR_PATH}/Podfile.lock",
				"${PODS_ROOT}/Manifest.lock",
			);
			name = "[CP] Check Pods Manifest.lock";
			outputFileListPaths = (
			);
			outputPaths = (
				"$(DERIVED_FILE_DIR)/Pods-ParstagramUITests-checkManifestLockResult.txt",
			);
			runOnlyForDeploymentPostprocessing = 0;
			shellPath = /bin/sh;
			shellScript = "diff \"${PODS_PODFILE_DIR_PATH}/Podfile.lock\" \"${PODS_ROOT}/Manifest.lock\" > /dev/null\nif [ $? != 0 ] ; then\n    # print error to STDERR\n    echo \"error: The sandbox is not in sync with the Podfile.lock. Run 'pod install' or update your CocoaPods installation.\" >&2\n    exit 1\nfi\n# This output is used by Xcode 'outputs' to avoid re-running this script phase.\necho \"SUCCESS\" > \"${SCRIPT_OUTPUT_FILE_0}\"\n";
			showEnvVarsInLog = 0;
		};
/* End PBXShellScriptBuildPhase section */

/* Begin PBXSourcesBuildPhase section */
		834C177D2216700B002E0D99 /* Sources */ = {
			isa = PBXSourcesBuildPhase;
			buildActionMask = 2147483647;
			files = (
				834C17B8221671FA002E0D99 /* LoginViewController.swift in Sources */,
				834C17BA22167726002E0D99 /* CameraViewController.swift in Sources */,
				834C17B62216704D002E0D99 /* FeedViewController.swift in Sources */,
				834C17852216700B002E0D99 /* AppDelegate.swift in Sources */,
				83B0C2E3221692BC007A28B0 /* PostCell.swift in Sources */,
				83B0C2E52221E9BD007A28B0 /* CommentCell.swift in Sources */,
			);
			runOnlyForDeploymentPostprocessing = 0;
		};
		834C17912216700C002E0D99 /* Sources */ = {
			isa = PBXSourcesBuildPhase;
			buildActionMask = 2147483647;
			files = (
				834C179A2216700C002E0D99 /* ParstagramTests.swift in Sources */,
			);
			runOnlyForDeploymentPostprocessing = 0;
		};
		834C179C2216700C002E0D99 /* Sources */ = {
			isa = PBXSourcesBuildPhase;
			buildActionMask = 2147483647;
			files = (
				834C17A52216700C002E0D99 /* ParstagramUITests.swift in Sources */,
			);
			runOnlyForDeploymentPostprocessing = 0;
		};
/* End PBXSourcesBuildPhase section */

/* Begin PBXTargetDependency section */
		834C17972216700C002E0D99 /* PBXTargetDependency */ = {
			isa = PBXTargetDependency;
			target = 834C17802216700B002E0D99 /* Parstagram */;
			targetProxy = 834C17962216700C002E0D99 /* PBXContainerItemProxy */;
		};
		834C17A22216700C002E0D99 /* PBXTargetDependency */ = {
			isa = PBXTargetDependency;
			target = 834C17802216700B002E0D99 /* Parstagram */;
			targetProxy = 834C17A12216700C002E0D99 /* PBXContainerItemProxy */;
		};
/* End PBXTargetDependency section */

/* Begin PBXVariantGroup section */
		834C17882216700B002E0D99 /* Main.storyboard */ = {
			isa = PBXVariantGroup;
			children = (
				834C17892216700B002E0D99 /* Base */,
			);
			name = Main.storyboard;
			sourceTree = "<group>";
		};
		834C178D2216700C002E0D99 /* LaunchScreen.storyboard */ = {
			isa = PBXVariantGroup;
			children = (
				834C178E2216700C002E0D99 /* Base */,
			);
			name = LaunchScreen.storyboard;
			sourceTree = "<group>";
		};
/* End PBXVariantGroup section */

/* Begin XCBuildConfiguration section */
		834C17A72216700C002E0D99 /* Debug */ = {
			isa = XCBuildConfiguration;
			buildSettings = {
				ALWAYS_SEARCH_USER_PATHS = NO;
				CLANG_ANALYZER_NONNULL = YES;
				CLANG_ANALYZER_NUMBER_OBJECT_CONVERSION = YES_AGGRESSIVE;
				CLANG_CXX_LANGUAGE_STANDARD = "gnu++14";
				CLANG_CXX_LIBRARY = "libc++";
				CLANG_ENABLE_MODULES = YES;
				CLANG_ENABLE_OBJC_ARC = YES;
				CLANG_ENABLE_OBJC_WEAK = YES;
				CLANG_WARN_BLOCK_CAPTURE_AUTORELEASING = YES;
				CLANG_WARN_BOOL_CONVERSION = YES;
				CLANG_WARN_COMMA = YES;
				CLANG_WARN_CONSTANT_CONVERSION = YES;
				CLANG_WARN_DEPRECATED_OBJC_IMPLEMENTATIONS = YES;
				CLANG_WARN_DIRECT_OBJC_ISA_USAGE = YES_ERROR;
				CLANG_WARN_DOCUMENTATION_COMMENTS = YES;
				CLANG_WARN_EMPTY_BODY = YES;
				CLANG_WARN_ENUM_CONVERSION = YES;
				CLANG_WARN_INFINITE_RECURSION = YES;
				CLANG_WARN_INT_CONVERSION = YES;
				CLANG_WARN_NON_LITERAL_NULL_CONVERSION = YES;
				CLANG_WARN_OBJC_IMPLICIT_RETAIN_SELF = YES;
				CLANG_WARN_OBJC_LITERAL_CONVERSION = YES;
				CLANG_WARN_OBJC_ROOT_CLASS = YES_ERROR;
				CLANG_WARN_RANGE_LOOP_ANALYSIS = YES;
				CLANG_WARN_STRICT_PROTOTYPES = YES;
				CLANG_WARN_SUSPICIOUS_MOVE = YES;
				CLANG_WARN_UNGUARDED_AVAILABILITY = YES_AGGRESSIVE;
				CLANG_WARN_UNREACHABLE_CODE = YES;
				CLANG_WARN__DUPLICATE_METHOD_MATCH = YES;
				CODE_SIGN_IDENTITY = "iPhone Developer";
				COPY_PHASE_STRIP = NO;
				DEBUG_INFORMATION_FORMAT = dwarf;
				ENABLE_STRICT_OBJC_MSGSEND = YES;
				ENABLE_TESTABILITY = YES;
				GCC_C_LANGUAGE_STANDARD = gnu11;
				GCC_DYNAMIC_NO_PIC = NO;
				GCC_NO_COMMON_BLOCKS = YES;
				GCC_OPTIMIZATION_LEVEL = 0;
				GCC_PREPROCESSOR_DEFINITIONS = (
					"DEBUG=1",
					"$(inherited)",
				);
				GCC_WARN_64_TO_32_BIT_CONVERSION = YES;
				GCC_WARN_ABOUT_RETURN_TYPE = YES_ERROR;
				GCC_WARN_UNDECLARED_SELECTOR = YES;
				GCC_WARN_UNINITIALIZED_AUTOS = YES_AGGRESSIVE;
				GCC_WARN_UNUSED_FUNCTION = YES;
				GCC_WARN_UNUSED_VARIABLE = YES;
				IPHONEOS_DEPLOYMENT_TARGET = 12.1;
				MTL_ENABLE_DEBUG_INFO = INCLUDE_SOURCE;
				MTL_FAST_MATH = YES;
				ONLY_ACTIVE_ARCH = YES;
				SDKROOT = iphoneos;
				SWIFT_ACTIVE_COMPILATION_CONDITIONS = DEBUG;
				SWIFT_OPTIMIZATION_LEVEL = "-Onone";
			};
			name = Debug;
		};
		834C17A82216700C002E0D99 /* Release */ = {
			isa = XCBuildConfiguration;
			buildSettings = {
				ALWAYS_SEARCH_USER_PATHS = NO;
				CLANG_ANALYZER_NONNULL = YES;
				CLANG_ANALYZER_NUMBER_OBJECT_CONVERSION = YES_AGGRESSIVE;
				CLANG_CXX_LANGUAGE_STANDARD = "gnu++14";
				CLANG_CXX_LIBRARY = "libc++";
				CLANG_ENABLE_MODULES = YES;
				CLANG_ENABLE_OBJC_ARC = YES;
				CLANG_ENABLE_OBJC_WEAK = YES;
				CLANG_WARN_BLOCK_CAPTURE_AUTORELEASING = YES;
				CLANG_WARN_BOOL_CONVERSION = YES;
				CLANG_WARN_COMMA = YES;
				CLANG_WARN_CONSTANT_CONVERSION = YES;
				CLANG_WARN_DEPRECATED_OBJC_IMPLEMENTATIONS = YES;
				CLANG_WARN_DIRECT_OBJC_ISA_USAGE = YES_ERROR;
				CLANG_WARN_DOCUMENTATION_COMMENTS = YES;
				CLANG_WARN_EMPTY_BODY = YES;
				CLANG_WARN_ENUM_CONVERSION = YES;
				CLANG_WARN_INFINITE_RECURSION = YES;
				CLANG_WARN_INT_CONVERSION = YES;
				CLANG_WARN_NON_LITERAL_NULL_CONVERSION = YES;
				CLANG_WARN_OBJC_IMPLICIT_RETAIN_SELF = YES;
				CLANG_WARN_OBJC_LITERAL_CONVERSION = YES;
				CLANG_WARN_OBJC_ROOT_CLASS = YES_ERROR;
				CLANG_WARN_RANGE_LOOP_ANALYSIS = YES;
				CLANG_WARN_STRICT_PROTOTYPES = YES;
				CLANG_WARN_SUSPICIOUS_MOVE = YES;
				CLANG_WARN_UNGUARDED_AVAILABILITY = YES_AGGRESSIVE;
				CLANG_WARN_UNREACHABLE_CODE = YES;
				CLANG_WARN__DUPLICATE_METHOD_MATCH = YES;
				CODE_SIGN_IDENTITY = "iPhone Developer";
				COPY_PHASE_STRIP = NO;
				DEBUG_INFORMATION_FORMAT = "dwarf-with-dsym";
				ENABLE_NS_ASSERTIONS = NO;
				ENABLE_STRICT_OBJC_MSGSEND = YES;
				GCC_C_LANGUAGE_STANDARD = gnu11;
				GCC_NO_COMMON_BLOCKS = YES;
				GCC_WARN_64_TO_32_BIT_CONVERSION = YES;
				GCC_WARN_ABOUT_RETURN_TYPE = YES_ERROR;
				GCC_WARN_UNDECLARED_SELECTOR = YES;
				GCC_WARN_UNINITIALIZED_AUTOS = YES_AGGRESSIVE;
				GCC_WARN_UNUSED_FUNCTION = YES;
				GCC_WARN_UNUSED_VARIABLE = YES;
				IPHONEOS_DEPLOYMENT_TARGET = 12.1;
				MTL_ENABLE_DEBUG_INFO = NO;
				MTL_FAST_MATH = YES;
				SDKROOT = iphoneos;
				SWIFT_COMPILATION_MODE = wholemodule;
				SWIFT_OPTIMIZATION_LEVEL = "-O";
				VALIDATE_PRODUCT = YES;
			};
			name = Release;
		};
		834C17AA2216700C002E0D99 /* Debug */ = {
			isa = XCBuildConfiguration;
			baseConfigurationReference = 2FF649959921180EFA419682 /* Pods-Parstagram.debug.xcconfig */;
			buildSettings = {
				ASSETCATALOG_COMPILER_APPICON_NAME = AppIcon;
				CODE_SIGN_STYLE = Automatic;
				DEVELOPMENT_TEAM = WVUX7X2RG6;
				INFOPLIST_FILE = Parstagram/Info.plist;
				LD_RUNPATH_SEARCH_PATHS = (
					"$(inherited)",
					"@executable_path/Frameworks",
				);
				PRODUCT_BUNDLE_IDENTIFIER = com.Parstagram;
				PRODUCT_NAME = "$(TARGET_NAME)";
				SWIFT_VERSION = 4.2;
				TARGETED_DEVICE_FAMILY = "1,2";
			};
			name = Debug;
		};
		834C17AB2216700C002E0D99 /* Release */ = {
			isa = XCBuildConfiguration;
			baseConfigurationReference = A418AB951A2CB427B33B18A3 /* Pods-Parstagram.release.xcconfig */;
			buildSettings = {
				ASSETCATALOG_COMPILER_APPICON_NAME = AppIcon;
				CODE_SIGN_STYLE = Automatic;
				DEVELOPMENT_TEAM = WVUX7X2RG6;
				INFOPLIST_FILE = Parstagram/Info.plist;
				LD_RUNPATH_SEARCH_PATHS = (
					"$(inherited)",
					"@executable_path/Frameworks",
				);
				PRODUCT_BUNDLE_IDENTIFIER = com.Parstagram;
				PRODUCT_NAME = "$(TARGET_NAME)";
				SWIFT_VERSION = 4.2;
				TARGETED_DEVICE_FAMILY = "1,2";
			};
			name = Release;
		};
		834C17AD2216700C002E0D99 /* Debug */ = {
			isa = XCBuildConfiguration;
			baseConfigurationReference = B69B5299275362ADDE7AF2E3 /* Pods-ParstagramTests.debug.xcconfig */;
			buildSettings = {
				ALWAYS_EMBED_SWIFT_STANDARD_LIBRARIES = YES;
				BUNDLE_LOADER = "$(TEST_HOST)";
				CODE_SIGN_STYLE = Automatic;
				DEVELOPMENT_TEAM = WVUX7X2RG6;
				INFOPLIST_FILE = ParstagramTests/Info.plist;
				LD_RUNPATH_SEARCH_PATHS = (
					"$(inherited)",
					"@executable_path/Frameworks",
					"@loader_path/Frameworks",
				);
				PRODUCT_BUNDLE_IDENTIFIER = com.ParstagramTests;
				PRODUCT_NAME = "$(TARGET_NAME)";
				SWIFT_VERSION = 4.2;
				TARGETED_DEVICE_FAMILY = "1,2";
				TEST_HOST = "$(BUILT_PRODUCTS_DIR)/Parstagram.app/Parstagram";
			};
			name = Debug;
		};
		834C17AE2216700C002E0D99 /* Release */ = {
			isa = XCBuildConfiguration;
			baseConfigurationReference = 495A93C5D5818080B70C7D1C /* Pods-ParstagramTests.release.xcconfig */;
			buildSettings = {
				ALWAYS_EMBED_SWIFT_STANDARD_LIBRARIES = YES;
				BUNDLE_LOADER = "$(TEST_HOST)";
				CODE_SIGN_STYLE = Automatic;
				DEVELOPMENT_TEAM = WVUX7X2RG6;
				INFOPLIST_FILE = ParstagramTests/Info.plist;
				LD_RUNPATH_SEARCH_PATHS = (
					"$(inherited)",
					"@executable_path/Frameworks",
					"@loader_path/Frameworks",
				);
				PRODUCT_BUNDLE_IDENTIFIER = com.ParstagramTests;
				PRODUCT_NAME = "$(TARGET_NAME)";
				SWIFT_VERSION = 4.2;
				TARGETED_DEVICE_FAMILY = "1,2";
				TEST_HOST = "$(BUILT_PRODUCTS_DIR)/Parstagram.app/Parstagram";
			};
			name = Release;
		};
		834C17B02216700C002E0D99 /* Debug */ = {
			isa = XCBuildConfiguration;
			baseConfigurationReference = B5519FB07A48E55F74402A67 /* Pods-ParstagramUITests.debug.xcconfig */;
			buildSettings = {
				ALWAYS_EMBED_SWIFT_STANDARD_LIBRARIES = YES;
				CODE_SIGN_STYLE = Automatic;
				DEVELOPMENT_TEAM = WVUX7X2RG6;
				INFOPLIST_FILE = ParstagramUITests/Info.plist;
				LD_RUNPATH_SEARCH_PATHS = (
					"$(inherited)",
					"@executable_path/Frameworks",
					"@loader_path/Frameworks",
				);
				PRODUCT_BUNDLE_IDENTIFIER = com.ParstagramUITests;
				PRODUCT_NAME = "$(TARGET_NAME)";
				SWIFT_VERSION = 4.2;
				TARGETED_DEVICE_FAMILY = "1,2";
				TEST_TARGET_NAME = Parstagram;
			};
			name = Debug;
		};
		834C17B12216700C002E0D99 /* Release */ = {
			isa = XCBuildConfiguration;
			baseConfigurationReference = 7C6339467CCB53816392139E /* Pods-ParstagramUITests.release.xcconfig */;
			buildSettings = {
				ALWAYS_EMBED_SWIFT_STANDARD_LIBRARIES = YES;
				CODE_SIGN_STYLE = Automatic;
				DEVELOPMENT_TEAM = WVUX7X2RG6;
				INFOPLIST_FILE = ParstagramUITests/Info.plist;
				LD_RUNPATH_SEARCH_PATHS = (
					"$(inherited)",
					"@executable_path/Frameworks",
					"@loader_path/Frameworks",
				);
				PRODUCT_BUNDLE_IDENTIFIER = com.ParstagramUITests;
				PRODUCT_NAME = "$(TARGET_NAME)";
				SWIFT_VERSION = 4.2;
				TARGETED_DEVICE_FAMILY = "1,2";
				TEST_TARGET_NAME = Parstagram;
			};
			name = Release;
		};
/* End XCBuildConfiguration section */

/* Begin XCConfigurationList section */
		834C177C2216700B002E0D99 /* Build configuration list for PBXProject "Parstagram" */ = {
			isa = XCConfigurationList;
			buildConfigurations = (
				834C17A72216700C002E0D99 /* Debug */,
				834C17A82216700C002E0D99 /* Release */,
			);
			defaultConfigurationIsVisible = 0;
			defaultConfigurationName = Release;
		};
		834C17A92216700C002E0D99 /* Build configuration list for PBXNativeTarget "Parstagram" */ = {
			isa = XCConfigurationList;
			buildConfigurations = (
				834C17AA2216700C002E0D99 /* Debug */,
				834C17AB2216700C002E0D99 /* Release */,
			);
			defaultConfigurationIsVisible = 0;
			defaultConfigurationName = Release;
		};
		834C17AC2216700C002E0D99 /* Build configuration list for PBXNativeTarget "ParstagramTests" */ = {
			isa = XCConfigurationList;
			buildConfigurations = (
				834C17AD2216700C002E0D99 /* Debug */,
				834C17AE2216700C002E0D99 /* Release */,
			);
			defaultConfigurationIsVisible = 0;
			defaultConfigurationName = Release;
		};
		834C17AF2216700C002E0D99 /* Build configuration list for PBXNativeTarget "ParstagramUITests" */ = {
			isa = XCConfigurationList;
			buildConfigurations = (
				834C17B02216700C002E0D99 /* Debug */,
				834C17B12216700C002E0D99 /* Release */,
			);
			defaultConfigurationIsVisible = 0;
			defaultConfigurationName = Release;
		};
/* End XCConfigurationList section */
	};
	rootObject = 834C17792216700B002E0D99 /* Project object */;
}
